
Microsoft Visual Studio Solution File, Format Version 12.00
# Visual Studio Version 17
VisualStudioVersion = 17.9.34902.65
MinimumVisualStudioVersion = 10.0.40219.1
Project("{FAE04EC0-301F-11D3-BF4B-00C04F79EFBC}") = "BurgerMongoDB", "BurgerMongoDB\BurgerMongoDB.csproj", "{907F5A33-8DA2-4B62-A0B6-7EA20E319E21}"
EndProject
Global
	GlobalSection(SolutionConfigurationPlatforms) = preSolution
		Debug|Any CPU = Debug|Any CPU
		Release|Any CPU = Release|Any CPU
	EndGlobalSection
	GlobalSection(ProjectConfigurationPlatforms) = postSolution
		{907F5A33-8DA2-4B62-A0B6-7EA20E319E21}.Debug|Any CPU.ActiveCfg = Debug|Any CPU
		{907F5A33-8DA2-4B62-A0B6-7EA20E319E21}.Debug|Any CPU.Build.0 = Debug|Any CPU
		{907F5A33-8DA2-4B62-A0B6-7EA20E319E21}.Release|Any CPU.ActiveCfg = Release|Any CPU
		{907F5A33-8DA2-4B62-A0B6-7EA20E319E21}.Release|Any CPU.Build.0 = Release|Any CPU
	EndGlobalSection
	GlobalSection(SolutionProperties) = preSolution
		HideSolutionNode = FALSE
	EndGlobalSection
	GlobalSection(ExtensibilityGlobals) = postSolution
		SolutionGuid = {BF618380-3582-4456-B89E-27002F6A4F8C}
	EndGlobalSection
EndGlobal
